
Microsoft Visual Studio Solution File, Format Version 12.00
# Visual Studio 15
VisualStudioVersion = 15.0.27604.0
MinimumVisualStudioVersion = 10.0.40219.1
Project("{9A19103F-16F7-4668-BE54-9A1E7A4F7556}") = "Xamzor", "Xamzor\Xamzor.csproj", "{E5DDE998-9DB9-42D2-B7B4-D71003548469}"
EndProject
Project("{9A19103F-16F7-4668-BE54-9A1E7A4F7556}") = "XamzorDemoApp", "XamzorDemoApp\XamzorDemoApp.csproj", "{642EE41F-8A53-4956-AD93-485223901513}"
EndProject
Global
	GlobalSection(SolutionConfigurationPlatforms) = preSolution
		Debug|Any CPU = Debug|Any CPU
		Release|Any CPU = Release|Any CPU
	EndGlobalSection
	GlobalSection(ProjectConfigurationPlatforms) = postSolution
		{E5DDE998-9DB9-42D2-B7B4-D71003548469}.Debug|Any CPU.ActiveCfg = Debug|Any CPU
		{E5DDE998-9DB9-42D2-B7B4-D71003548469}.Debug|Any CPU.Build.0 = Debug|Any CPU
		{E5DDE998-9DB9-42D2-B7B4-D71003548469}.Release|Any CPU.ActiveCfg = Release|Any CPU
		{E5DDE998-9DB9-42D2-B7B4-D71003548469}.Release|Any CPU.Build.0 = Release|Any CPU
		{642EE41F-8A53-4956-AD93-485223901513}.Debug|Any CPU.ActiveCfg = Debug|Any CPU
		{642EE41F-8A53-4956-AD93-485223901513}.Debug|Any CPU.Build.0 = Debug|Any CPU
		{642EE41F-8A53-4956-AD93-485223901513}.Release|Any CPU.ActiveCfg = Release|Any CPU
		{642EE41F-8A53-4956-AD93-485223901513}.Release|Any CPU.Build.0 = Release|Any CPU
	EndGlobalSection
	GlobalSection(SolutionProperties) = preSolution
		HideSolutionNode = FALSE
	EndGlobalSection
	GlobalSection(ExtensibilityGlobals) = postSolution
		SolutionGuid = {313E7E4B-EF8D-4B11-B316-09FF0BD7DEEC}
	EndGlobalSection
EndGlobal
